
Microsoft Visual Studio Solution File, Format Version 12.00
# Visual Studio Version 16
VisualStudioVersion = 16.0.32602.291
MinimumVisualStudioVersion = 10.0.40219.1
Project("{FAE04EC0-301F-11D3-BF4B-00C04F79EFBC}") = "Sitecore.DemoProject.MVC", "Sitecore.DemoProject.MVC\Sitecore.DemoProject.MVC.csproj", "{8E1B3B9B-E966-4A2C-846D-73C0034FC945}"
EndProject
Global
	GlobalSection(SolutionConfigurationPlatforms) = preSolution
		Debug|Any CPU = Debug|Any CPU
		Release|Any CPU = Release|Any CPU
	EndGlobalSection
	GlobalSection(ProjectConfigurationPlatforms) = postSolution
		{8E1B3B9B-E966-4A2C-846D-73C0034FC945}.Debug|Any CPU.ActiveCfg = Debug|Any CPU
		{8E1B3B9B-E966-4A2C-846D-73C0034FC945}.Debug|Any CPU.Build.0 = Debug|Any CPU
		{8E1B3B9B-E966-4A2C-846D-73C0034FC945}.Release|Any CPU.ActiveCfg = Release|Any CPU
		{8E1B3B9B-E966-4A2C-846D-73C0034FC945}.Release|Any CPU.Build.0 = Release|Any CPU
	EndGlobalSection
	GlobalSection(SolutionProperties) = preSolution
		HideSolutionNode = FALSE
	EndGlobalSection
	GlobalSection(ExtensibilityGlobals) = postSolution
		SolutionGuid = {206A0913-BAF7-41FE-A7FD-62FFA4CEEF26}
	EndGlobalSection
EndGlobal
